# THIS IS AN AUTOGENERATED FILE. DO NOT EDIT THIS FILE DIRECTLY.
# yarn lockfile v1


"@arkweid/lefthook@^0.7.2":
  version "0.7.2"
  resolved "https://registry.yarnpkg.com/@arkweid/lefthook/-/lefthook-0.7.2.tgz#ce2ee89f32bd8899bfee1a61d1fbe68a7dee7601"
  integrity sha512-r34fl/qiny7564aL+MLmkVbUMjr39vSqSGvUoA7e3FwpvD/ubJkxdDFCDJECvOYiYMXwwaqJc6txXtfnvDY3YQ==
